
Microsoft Visual Studio Solution File, Format Version 12.00
# Visual Studio Version 16
VisualStudioVersion = 16.0.30717.126
MinimumVisualStudioVersion = 10.0.40219.1
Project("{FAE04EC0-301F-11D3-BF4B-00C04F79EFBC}") = "Products", "Products.csproj", "{D4807367-5B9C-4C98-963F-B16BC8E5676D}"
EndProject
Global
	GlobalSection(SolutionConfigurationPlatforms) = preSolution
		Debug|Any CPU = Debug|Any CPU
		Release|Any CPU = Release|Any CPU
	EndGlobalSection
	GlobalSection(ProjectConfigurationPlatforms) = postSolution
		{D4807367-5B9C-4C98-963F-B16BC8E5676D}.Debug|Any CPU.ActiveCfg = Debug|Any CPU
		{D4807367-5B9C-4C98-963F-B16BC8E5676D}.Debug|Any CPU.Build.0 = Debug|Any CPU
		{D4807367-5B9C-4C98-963F-B16BC8E5676D}.Release|Any CPU.ActiveCfg = Release|Any CPU
		{D4807367-5B9C-4C98-963F-B16BC8E5676D}.Release|Any CPU.Build.0 = Release|Any CPU
	EndGlobalSection
	GlobalSection(SolutionProperties) = preSolution
		HideSolutionNode = FALSE
	EndGlobalSection
	GlobalSection(ExtensibilityGlobals) = postSolution
		SolutionGuid = {20A62B6A-CCFB-4122-8069-FBE047F51CA4}
	EndGlobalSection
EndGlobal
